
Microsoft Visual Studio Solution File, Format Version 12.00
# Visual Studio Version 17
VisualStudioVersion = 17.5.002.0
MinimumVisualStudioVersion = 10.0.40219.1
Project("{9A19103F-16F7-4668-BE54-9A1E7A4F7556}") = "hypotenuse_Calculator_Program", "hypotenuse_Calculator_Program.csproj", "{53AAAF96-5900-4E5E-B74F-5183B77E487D}"
EndProject
Global
	GlobalSection(SolutionConfigurationPlatforms) = preSolution
		Debug|Any CPU = Debug|Any CPU
		Release|Any CPU = Release|Any CPU
	EndGlobalSection
	GlobalSection(ProjectConfigurationPlatforms) = postSolution
		{53AAAF96-5900-4E5E-B74F-5183B77E487D}.Debug|Any CPU.ActiveCfg = Debug|Any CPU
		{53AAAF96-5900-4E5E-B74F-5183B77E487D}.Debug|Any CPU.Build.0 = Debug|Any CPU
		{53AAAF96-5900-4E5E-B74F-5183B77E487D}.Release|Any CPU.ActiveCfg = Release|Any CPU
		{53AAAF96-5900-4E5E-B74F-5183B77E487D}.Release|Any CPU.Build.0 = Release|Any CPU
	EndGlobalSection
	GlobalSection(SolutionProperties) = preSolution
		HideSolutionNode = FALSE
	EndGlobalSection
	GlobalSection(ExtensibilityGlobals) = postSolution
		SolutionGuid = {C4667888-3D58-42B3-8F9A-348D05480400}
	EndGlobalSection
EndGlobal
