
Microsoft Visual Studio Solution File, Format Version 12.00
# Visual Studio Version 17
VisualStudioVersion = 17.5.002.0
MinimumVisualStudioVersion = 10.0.40219.1
Project("{9A19103F-16F7-4668-BE54-9A1E7A4F7556}") = "multithreading", "multithreading.csproj", "{EC0007AB-55E8-46C1-B1EE-22DC95E5D7E7}"
EndProject
Global
	GlobalSection(SolutionConfigurationPlatforms) = preSolution
		Debug|Any CPU = Debug|Any CPU
		Release|Any CPU = Release|Any CPU
	EndGlobalSection
	GlobalSection(ProjectConfigurationPlatforms) = postSolution
		{EC0007AB-55E8-46C1-B1EE-22DC95E5D7E7}.Debug|Any CPU.ActiveCfg = Debug|Any CPU
		{EC0007AB-55E8-46C1-B1EE-22DC95E5D7E7}.Debug|Any CPU.Build.0 = Debug|Any CPU
		{EC0007AB-55E8-46C1-B1EE-22DC95E5D7E7}.Release|Any CPU.ActiveCfg = Release|Any CPU
		{EC0007AB-55E8-46C1-B1EE-22DC95E5D7E7}.Release|Any CPU.Build.0 = Release|Any CPU
	EndGlobalSection
	GlobalSection(SolutionProperties) = preSolution
		HideSolutionNode = FALSE
	EndGlobalSection
	GlobalSection(ExtensibilityGlobals) = postSolution
		SolutionGuid = {08E3A22E-26FC-4E88-9C11-E789C0FB9384}
	EndGlobalSection
EndGlobal
