
Microsoft Visual Studio Solution File, Format Version 12.00
# Visual Studio Version 17
VisualStudioVersion = 17.5.002.0
MinimumVisualStudioVersion = 10.0.40219.1
Project("{9A19103F-16F7-4668-BE54-9A1E7A4F7556}") = "listOfObjects", "listOfObjects.csproj", "{5C15EC0F-8FEE-41AC-8C78-DECF324D2139}"
EndProject
Global
	GlobalSection(SolutionConfigurationPlatforms) = preSolution
		Debug|Any CPU = Debug|Any CPU
		Release|Any CPU = Release|Any CPU
	EndGlobalSection
	GlobalSection(ProjectConfigurationPlatforms) = postSolution
		{5C15EC0F-8FEE-41AC-8C78-DECF324D2139}.Debug|Any CPU.ActiveCfg = Debug|Any CPU
		{5C15EC0F-8FEE-41AC-8C78-DECF324D2139}.Debug|Any CPU.Build.0 = Debug|Any CPU
		{5C15EC0F-8FEE-41AC-8C78-DECF324D2139}.Release|Any CPU.ActiveCfg = Release|Any CPU
		{5C15EC0F-8FEE-41AC-8C78-DECF324D2139}.Release|Any CPU.Build.0 = Release|Any CPU
	EndGlobalSection
	GlobalSection(SolutionProperties) = preSolution
		HideSolutionNode = FALSE
	EndGlobalSection
	GlobalSection(ExtensibilityGlobals) = postSolution
		SolutionGuid = {0753E1C0-6CBF-4574-94C1-93D83562DA26}
	EndGlobalSection
EndGlobal
