
Microsoft Visual Studio Solution File, Format Version 12.00
# Visual Studio Version 17
VisualStudioVersion = 17.5.002.0
MinimumVisualStudioVersion = 10.0.40219.1
Project("{9A19103F-16F7-4668-BE54-9A1E7A4F7556}") = "enurms", "enurms.csproj", "{A55886EB-6F01-4BC5-BEF6-129B58596D10}"
EndProject
Global
	GlobalSection(SolutionConfigurationPlatforms) = preSolution
		Debug|Any CPU = Debug|Any CPU
		Release|Any CPU = Release|Any CPU
	EndGlobalSection
	GlobalSection(ProjectConfigurationPlatforms) = postSolution
		{A55886EB-6F01-4BC5-BEF6-129B58596D10}.Debug|Any CPU.ActiveCfg = Debug|Any CPU
		{A55886EB-6F01-4BC5-BEF6-129B58596D10}.Debug|Any CPU.Build.0 = Debug|Any CPU
		{A55886EB-6F01-4BC5-BEF6-129B58596D10}.Release|Any CPU.ActiveCfg = Release|Any CPU
		{A55886EB-6F01-4BC5-BEF6-129B58596D10}.Release|Any CPU.Build.0 = Release|Any CPU
	EndGlobalSection
	GlobalSection(SolutionProperties) = preSolution
		HideSolutionNode = FALSE
	EndGlobalSection
	GlobalSection(ExtensibilityGlobals) = postSolution
		SolutionGuid = {6A919C90-0B80-410C-AD58-5C49BF267E1F}
	EndGlobalSection
EndGlobal
