
Microsoft Visual Studio Solution File, Format Version 12.00
# Visual Studio Version 17
VisualStudioVersion = 17.5.002.0
MinimumVisualStudioVersion = 10.0.40219.1
Project("{9A19103F-16F7-4668-BE54-9A1E7A4F7556}") = "autoImplementedProperties", "autoImplementedProperties.csproj", "{91320849-4CF8-4CA8-A6A1-183356E6066B}"
EndProject
Global
	GlobalSection(SolutionConfigurationPlatforms) = preSolution
		Debug|Any CPU = Debug|Any CPU
		Release|Any CPU = Release|Any CPU
	EndGlobalSection
	GlobalSection(ProjectConfigurationPlatforms) = postSolution
		{91320849-4CF8-4CA8-A6A1-183356E6066B}.Debug|Any CPU.ActiveCfg = Debug|Any CPU
		{91320849-4CF8-4CA8-A6A1-183356E6066B}.Debug|Any CPU.Build.0 = Debug|Any CPU
		{91320849-4CF8-4CA8-A6A1-183356E6066B}.Release|Any CPU.ActiveCfg = Release|Any CPU
		{91320849-4CF8-4CA8-A6A1-183356E6066B}.Release|Any CPU.Build.0 = Release|Any CPU
	EndGlobalSection
	GlobalSection(SolutionProperties) = preSolution
		HideSolutionNode = FALSE
	EndGlobalSection
	GlobalSection(ExtensibilityGlobals) = postSolution
		SolutionGuid = {307A38BE-CB15-482E-9D12-D86D26F5C426}
	EndGlobalSection
EndGlobal
