
Microsoft Visual Studio Solution File, Format Version 12.00
# Visual Studio Version 17
VisualStudioVersion = 17.5.002.0
MinimumVisualStudioVersion = 10.0.40219.1
Project("{9A19103F-16F7-4668-BE54-9A1E7A4F7556}") = "interface", "interface.csproj", "{72CBCF62-6D0F-400D-A240-EF1B8AA0720B}"
EndProject
Global
	GlobalSection(SolutionConfigurationPlatforms) = preSolution
		Debug|Any CPU = Debug|Any CPU
		Release|Any CPU = Release|Any CPU
	EndGlobalSection
	GlobalSection(ProjectConfigurationPlatforms) = postSolution
		{72CBCF62-6D0F-400D-A240-EF1B8AA0720B}.Debug|Any CPU.ActiveCfg = Debug|Any CPU
		{72CBCF62-6D0F-400D-A240-EF1B8AA0720B}.Debug|Any CPU.Build.0 = Debug|Any CPU
		{72CBCF62-6D0F-400D-A240-EF1B8AA0720B}.Release|Any CPU.ActiveCfg = Release|Any CPU
		{72CBCF62-6D0F-400D-A240-EF1B8AA0720B}.Release|Any CPU.Build.0 = Release|Any CPU
	EndGlobalSection
	GlobalSection(SolutionProperties) = preSolution
		HideSolutionNode = FALSE
	EndGlobalSection
	GlobalSection(ExtensibilityGlobals) = postSolution
		SolutionGuid = {FA0D65A8-544F-4EE0-9C3C-91714AAAF6AE}
	EndGlobalSection
EndGlobal
