
Microsoft Visual Studio Solution File, Format Version 12.00
# Visual Studio Version 17
VisualStudioVersion = 17.5.002.0
MinimumVisualStudioVersion = 10.0.40219.1
Project("{9A19103F-16F7-4668-BE54-9A1E7A4F7556}") = "staticModifier", "staticModifier.csproj", "{EA702B7F-1EC3-4197-8A8F-01270989F1C6}"
EndProject
Global
	GlobalSection(SolutionConfigurationPlatforms) = preSolution
		Debug|Any CPU = Debug|Any CPU
		Release|Any CPU = Release|Any CPU
	EndGlobalSection
	GlobalSection(ProjectConfigurationPlatforms) = postSolution
		{EA702B7F-1EC3-4197-8A8F-01270989F1C6}.Debug|Any CPU.ActiveCfg = Debug|Any CPU
		{EA702B7F-1EC3-4197-8A8F-01270989F1C6}.Debug|Any CPU.Build.0 = Debug|Any CPU
		{EA702B7F-1EC3-4197-8A8F-01270989F1C6}.Release|Any CPU.ActiveCfg = Release|Any CPU
		{EA702B7F-1EC3-4197-8A8F-01270989F1C6}.Release|Any CPU.Build.0 = Release|Any CPU
	EndGlobalSection
	GlobalSection(SolutionProperties) = preSolution
		HideSolutionNode = FALSE
	EndGlobalSection
	GlobalSection(ExtensibilityGlobals) = postSolution
		SolutionGuid = {55EC901A-CFF5-4EC0-823B-61E65D0A0B96}
	EndGlobalSection
EndGlobal
